// !$*UTF8*$!
{
	archiveVersion = 1;
	classes = {
	};
	objectVersion = 55;
	objects = {

/* Begin PBXBuildFile section */
		EA0FB1D628E6CE7200245640 /* BookListDataSecond.json in Resources */ = {isa = PBXBuildFile; fileRef = EA0FB1D528E6CE7200245640 /* BookListDataSecond.json */; };
		EA0FB1E128E7336200245640 /* WebView.swift in Sources */ = {isa = PBXBuildFile; fileRef = EA0FB1E028E7336200245640 /* WebView.swift */; };
		EA0FB1E328E7EC6200245640 /* BookDetailViewModel.swift in Sources */ = {isa = PBXBuildFile; fileRef = EA0FB1E228E7EC6200245640 /* BookDetailViewModel.swift */; };
		EA0FB1E528E82B9200245640 /* BookDetailRepository.swift in Sources */ = {isa = PBXBuildFile; fileRef = EA0FB1E428E82B9200245640 /* BookDetailRepository.swift */; };
		EA0FB1E728E82D3900245640 /* BookDetailRequest.swift in Sources */ = {isa = PBXBuildFile; fileRef = EA0FB1E628E82D3900245640 /* BookDetailRequest.swift */; };
		EA0FB1E928E82D5600245640 /* BookDetailDTO.swift in Sources */ = {isa = PBXBuildFile; fileRef = EA0FB1E828E82D5600245640 /* BookDetailDTO.swift */; };
		EA3EAF8628E433B0008D548D /* ScrollToTopButtonView.swift in Sources */ = {isa = PBXBuildFile; fileRef = EA3EAF8528E433B0008D548D /* ScrollToTopButtonView.swift */; };
		EA3EAFC428E46984008D548D /* BookContainer.xcdatamodeld in Sources */ = {isa = PBXBuildFile; fileRef = EA3EAFC228E46984008D548D /* BookContainer.xcdatamodeld */; };
		EA3EAFC828E48F3E008D548D /* CoreDataManager.swift in Sources */ = {isa = PBXBuildFile; fileRef = EA3EAFC728E48F3E008D548D /* CoreDataManager.swift */; };
		EA3EAFCA28E56D77008D548D /* BookEntity+extension.swift in Sources */ = {isa = PBXBuildFile; fileRef = EA3EAFC928E56D77008D548D /* BookEntity+extension.swift */; };
		EA3EAFEE28E5C929008D548D /* CoreDataError.swift in Sources */ = {isa = PBXBuildFile; fileRef = EA3EAFED28E5C929008D548D /* CoreDataError.swift */; };
		EA3EAFF028E69B12008D548D /* SpyURLSessionManager.swift in Sources */ = {isa = PBXBuildFile; fileRef = EA3EAFEF28E69B12008D548D /* SpyURLSessionManager.swift */; };
		EA3EAFF228E6A255008D548D /* SearchRepositoryTests.swift in Sources */ = {isa = PBXBuildFile; fileRef = EA3EAFF128E6A255008D548D /* SearchRepositoryTests.swift */; };
		EA3EAFF428E6A3B6008D548D /* BookListData.json in Resources */ = {isa = PBXBuildFile; fileRef = EA3EAFF328E6A3B6008D548D /* BookListData.json */; };
		EA3EAFF628E6A7F2008D548D /* SpyCoreDataManager.swift in Sources */ = {isa = PBXBuildFile; fileRef = EA3EAFF528E6A7F2008D548D /* SpyCoreDataManager.swift */; };
		EA3EAFF728E6B24D008D548D /* BookListData.json in Resources */ = {isa = PBXBuildFile; fileRef = EA3EAFF328E6A3B6008D548D /* BookListData.json */; };
		EA3EAFF928E6BF30008D548D /* TestCoreDataPersistentContainer.swift in Sources */ = {isa = PBXBuildFile; fileRef = EA3EAFF828E6BF30008D548D /* TestCoreDataPersistentContainer.swift */; };
		EA3EAFFB28E6CA01008D548D /* BookListInvalidData.json in Resources */ = {isa = PBXBuildFile; fileRef = EA3EAFFA28E6CA01008D548D /* BookListInvalidData.json */; };
		EA3EAFFC28E6CAF3008D548D /* BookListInvalidData.json in Resources */ = {isa = PBXBuildFile; fileRef = EA3EAFFA28E6CA01008D548D /* BookListInvalidData.json */; };
		EA4823AD28D87465007ED9B4 /* BookStoreApp.swift in Sources */ = {isa = PBXBuildFile; fileRef = EA4823AC28D87465007ED9B4 /* BookStoreApp.swift */; };
		EA4823B128D87465007ED9B4 /* Assets.xcassets in Resources */ = {isa = PBXBuildFile; fileRef = EA4823B028D87465007ED9B4 /* Assets.xcassets */; };
		EA4823B428D87465007ED9B4 /* Preview Assets.xcassets in Resources */ = {isa = PBXBuildFile; fileRef = EA4823B328D87465007ED9B4 /* Preview Assets.xcassets */; };
		EA4823BE28D87465007ED9B4 /* SearchViewModelTests.swift in Sources */ = {isa = PBXBuildFile; fileRef = EA4823BD28D87465007ED9B4 /* SearchViewModelTests.swift */; };
		EA4823D928D87536007ED9B4 /* URLSessionManager.swift in Sources */ = {isa = PBXBuildFile; fileRef = EA4823D828D87536007ED9B4 /* URLSessionManager.swift */; };
		EA4823DB28D87570007ED9B4 /* URLSessionProtocol.swift in Sources */ = {isa = PBXBuildFile; fileRef = EA4823DA28D87570007ED9B4 /* URLSessionProtocol.swift */; };
		EA4823DD28D875B1007ED9B4 /* NetworkRequest.swift in Sources */ = {isa = PBXBuildFile; fileRef = EA4823DC28D875B1007ED9B4 /* NetworkRequest.swift */; };
		EA4823E028D875CF007ED9B4 /* httpMethod.swift in Sources */ = {isa = PBXBuildFile; fileRef = EA4823DF28D875CF007ED9B4 /* httpMethod.swift */; };
		EA4823E228D875F0007ED9B4 /* URLSessionError.swift in Sources */ = {isa = PBXBuildFile; fileRef = EA4823E128D875F0007ED9B4 /* URLSessionError.swift */; };
		EA4823E628D876E3007ED9B4 /* SearchRequest.swift in Sources */ = {isa = PBXBuildFile; fileRef = EA4823E528D876E3007ED9B4 /* SearchRequest.swift */; };
		EA4823E928D8776A007ED9B4 /* BookListDTO.swift in Sources */ = {isa = PBXBuildFile; fileRef = EA4823E828D8776A007ED9B4 /* BookListDTO.swift */; };
		EA4823EB28D8779B007ED9B4 /* BookStoreURLHost.swift in Sources */ = {isa = PBXBuildFile; fileRef = EA4823EA28D8779B007ED9B4 /* BookStoreURLHost.swift */; };
		EA4823EE28D87B4E007ED9B4 /* SearchRepository.swift in Sources */ = {isa = PBXBuildFile; fileRef = EA4823ED28D87B4E007ED9B4 /* SearchRepository.swift */; };
		EA4823F128D87B70007ED9B4 /* SearchRepositoryType.swift in Sources */ = {isa = PBXBuildFile; fileRef = EA4823F028D87B70007ED9B4 /* SearchRepositoryType.swift */; };
		EA4823F528D88FC5007ED9B4 /* SearchView.swift in Sources */ = {isa = PBXBuildFile; fileRef = EA4823F428D88FC5007ED9B4 /* SearchView.swift */; };
		EA4823F928D89087007ED9B4 /* SearchViewModel.swift in Sources */ = {isa = PBXBuildFile; fileRef = EA4823F828D89087007ED9B4 /* SearchViewModel.swift */; };
		EA4823FB28D890CE007ED9B4 /* SearchUseCase.swift in Sources */ = {isa = PBXBuildFile; fileRef = EA4823FA28D890CE007ED9B4 /* SearchUseCase.swift */; };
		EA4823FE28D89281007ED9B4 /* BookList.swift in Sources */ = {isa = PBXBuildFile; fileRef = EA4823FD28D89281007ED9B4 /* BookList.swift */; };
		EA6F195028DAA16E004A2AA8 /* SearchRow.swift in Sources */ = {isa = PBXBuildFile; fileRef = EA6F194F28DAA16E004A2AA8 /* SearchRow.swift */; };
		EA6F195428DBDAF9004A2AA8 /* BookDetailView.swift in Sources */ = {isa = PBXBuildFile; fileRef = EA6F195328DBDAF9004A2AA8 /* BookDetailView.swift */; };
		EA6F195628DBEB87004A2AA8 /* SpySearchUseCase.swift in Sources */ = {isa = PBXBuildFile; fileRef = EA6F195528DBEB87004A2AA8 /* SpySearchUseCase.swift */; };
/* End PBXBuildFile section */

/* Begin PBXContainerItemProxy section */
		EA4823BA28D87465007ED9B4 /* PBXContainerItemProxy */ = {
			isa = PBXContainerItemProxy;
			containerPortal = EA4823A128D87465007ED9B4 /* Project object */;
			proxyType = 1;
			remoteGlobalIDString = EA4823A828D87465007ED9B4;
			remoteInfo = BookStore;
		};
		EA4823C428D87465007ED9B4 /* PBXContainerItemProxy */ = {
			isa = PBXContainerItemProxy;
			containerPortal = EA4823A128D87465007ED9B4 /* Project object */;
			proxyType = 1;
			remoteGlobalIDString = EA4823A828D87465007ED9B4;
			remoteInfo = BookStore;
		};
/* End PBXContainerItemProxy section */

/* Begin PBXFileReference section */
		EA0FB1D528E6CE7200245640 /* BookListDataSecond.json */ = {isa = PBXFileReference; lastKnownFileType = text.json; path = BookListDataSecond.json; sourceTree = "<group>"; };
		EA0FB1E028E7336200245640 /* WebView.swift */ = {isa = PBXFileReference; lastKnownFileType = sourcecode.swift; path = WebView.swift; sourceTree = "<group>"; };
		EA0FB1E228E7EC6200245640 /* BookDetailViewModel.swift */ = {isa = PBXFileReference; lastKnownFileType = sourcecode.swift; path = BookDetailViewModel.swift; sourceTree = "<group>"; };
		EA0FB1E428E82B9200245640 /* BookDetailRepository.swift */ = {isa = PBXFileReference; lastKnownFileType = sourcecode.swift; path = BookDetailRepository.swift; sourceTree = "<group>"; };
		EA0FB1E628E82D3900245640 /* BookDetailRequest.swift */ = {isa = PBXFileReference; lastKnownFileType = sourcecode.swift; path = BookDetailRequest.swift; sourceTree = "<group>"; };
		EA0FB1E828E82D5600245640 /* BookDetailDTO.swift */ = {isa = PBXFileReference; lastKnownFileType = sourcecode.swift; path = BookDetailDTO.swift; sourceTree = "<group>"; };
		EA3EAF8528E433B0008D548D /* ScrollToTopButtonView.swift */ = {isa = PBXFileReference; lastKnownFileType = sourcecode.swift; path = ScrollToTopButtonView.swift; sourceTree = "<group>"; };
		EA3EAFC328E46984008D548D /* BookList.xcdatamodel */ = {isa = PBXFileReference; lastKnownFileType = wrapper.xcdatamodel; path = BookList.xcdatamodel; sourceTree = "<group>"; };
		EA3EAFC728E48F3E008D548D /* CoreDataManager.swift */ = {isa = PBXFileReference; lastKnownFileType = sourcecode.swift; path = CoreDataManager.swift; sourceTree = "<group>"; };
		EA3EAFC928E56D77008D548D /* BookEntity+extension.swift */ = {isa = PBXFileReference; lastKnownFileType = sourcecode.swift; path = "BookEntity+extension.swift"; sourceTree = "<group>"; };
		EA3EAFED28E5C929008D548D /* CoreDataError.swift */ = {isa = PBXFileReference; lastKnownFileType = sourcecode.swift; path = CoreDataError.swift; sourceTree = "<group>"; };
		EA3EAFEF28E69B12008D548D /* SpyURLSessionManager.swift */ = {isa = PBXFileReference; lastKnownFileType = sourcecode.swift; path = SpyURLSessionManager.swift; sourceTree = "<group>"; };
		EA3EAFF128E6A255008D548D /* SearchRepositoryTests.swift */ = {isa = PBXFileReference; lastKnownFileType = sourcecode.swift; path = SearchRepositoryTests.swift; sourceTree = "<group>"; };
		EA3EAFF328E6A3B6008D548D /* BookListData.json */ = {isa = PBXFileReference; lastKnownFileType = text.json; path = BookListData.json; sourceTree = "<group>"; };
		EA3EAFF528E6A7F2008D548D /* SpyCoreDataManager.swift */ = {isa = PBXFileReference; lastKnownFileType = sourcecode.swift; path = SpyCoreDataManager.swift; sourceTree = "<group>"; };
		EA3EAFF828E6BF30008D548D /* TestCoreDataPersistentContainer.swift */ = {isa = PBXFileReference; lastKnownFileType = sourcecode.swift; path = TestCoreDataPersistentContainer.swift; sourceTree = "<group>"; };
		EA3EAFFA28E6CA01008D548D /* BookListInvalidData.json */ = {isa = PBXFileReference; lastKnownFileType = text.json; path = BookListInvalidData.json; sourceTree = "<group>"; };
		EA4823A928D87465007ED9B4 /* BookStore.app */ = {isa = PBXFileReference; explicitFileType = wrapper.application; includeInIndex = 0; path = BookStore.app; sourceTree = BUILT_PRODUCTS_DIR; };
		EA4823AC28D87465007ED9B4 /* BookStoreApp.swift */ = {isa = PBXFileReference; lastKnownFileType = sourcecode.swift; path = BookStoreApp.swift; sourceTree = "<group>"; };
		EA4823B028D87465007ED9B4 /* Assets.xcassets */ = {isa = PBXFileReference; lastKnownFileType = folder.assetcatalog; path = Assets.xcassets; sourceTree = "<group>"; };
		EA4823B328D87465007ED9B4 /* Preview Assets.xcassets */ = {isa = PBXFileReference; lastKnownFileType = folder.assetcatalog; path = "Preview Assets.xcassets"; sourceTree = "<group>"; };
		EA4823B928D87465007ED9B4 /* BookStoreTests.xctest */ = {isa = PBXFileReference; explicitFileType = wrapper.cfbundle; includeInIndex = 0; path = BookStoreTests.xctest; sourceTree = BUILT_PRODUCTS_DIR; };
		EA4823BD28D87465007ED9B4 /* SearchViewModelTests.swift */ = {isa = PBXFileReference; lastKnownFileType = sourcecode.swift; path = SearchViewModelTests.swift; sourceTree = "<group>"; };
		EA4823C328D87465007ED9B4 /* BookStoreUITests.xctest */ = {isa = PBXFileReference; explicitFileType = wrapper.cfbundle; includeInIndex = 0; path = BookStoreUITests.xctest; sourceTree = BUILT_PRODUCTS_DIR; };
		EA4823D828D87536007ED9B4 /* URLSessionManager.swift */ = {isa = PBXFileReference; lastKnownFileType = sourcecode.swift; path = URLSessionManager.swift; sourceTree = "<group>"; };
		EA4823DA28D87570007ED9B4 /* URLSessionProtocol.swift */ = {isa = PBXFileReference; lastKnownFileType = sourcecode.swift; path = URLSessionProtocol.swift; sourceTree = "<group>"; };
		EA4823DC28D875B1007ED9B4 /* NetworkRequest.swift */ = {isa = PBXFileReference; lastKnownFileType = sourcecode.swift; path = NetworkRequest.swift; sourceTree = "<group>"; };
		EA4823DF28D875CF007ED9B4 /* httpMethod.swift */ = {isa = PBXFileReference; lastKnownFileType = sourcecode.swift; path = httpMethod.swift; sourceTree = "<group>"; };
		EA4823E128D875F0007ED9B4 /* URLSessionError.swift */ = {isa = PBXFileReference; lastKnownFileType = sourcecode.swift; path = URLSessionError.swift; sourceTree = "<group>"; };
		EA4823E528D876E3007ED9B4 /* SearchRequest.swift */ = {isa = PBXFileReference; lastKnownFileType = sourcecode.swift; path = SearchRequest.swift; sourceTree = "<group>"; };
		EA4823E828D8776A007ED9B4 /* BookListDTO.swift */ = {isa = PBXFileReference; lastKnownFileType = sourcecode.swift; path = BookListDTO.swift; sourceTree = "<group>"; };
		EA4823EA28D8779B007ED9B4 /* BookStoreURLHost.swift */ = {isa = PBXFileReference; lastKnownFileType = sourcecode.swift; path = BookStoreURLHost.swift; sourceTree = "<group>"; };
		EA4823ED28D87B4E007ED9B4 /* SearchRepository.swift */ = {isa = PBXFileReference; lastKnownFileType = sourcecode.swift; path = SearchRepository.swift; sourceTree = "<group>"; };
		EA4823F028D87B70007ED9B4 /* SearchRepositoryType.swift */ = {isa = PBXFileReference; lastKnownFileType = sourcecode.swift; path = SearchRepositoryType.swift; sourceTree = "<group>"; };
		EA4823F428D88FC5007ED9B4 /* SearchView.swift */ = {isa = PBXFileReference; lastKnownFileType = sourcecode.swift; path = SearchView.swift; sourceTree = "<group>"; };
		EA4823F828D89087007ED9B4 /* SearchViewModel.swift */ = {isa = PBXFileReference; lastKnownFileType = sourcecode.swift; path = SearchViewModel.swift; sourceTree = "<group>"; };
		EA4823FA28D890CE007ED9B4 /* SearchUseCase.swift */ = {isa = PBXFileReference; lastKnownFileType = sourcecode.swift; path = SearchUseCase.swift; sourceTree = "<group>"; };
		EA4823FD28D89281007ED9B4 /* BookList.swift */ = {isa = PBXFileReference; lastKnownFileType = sourcecode.swift; path = BookList.swift; sourceTree = "<group>"; };
		EA6F194F28DAA16E004A2AA8 /* SearchRow.swift */ = {isa = PBXFileReference; lastKnownFileType = sourcecode.swift; path = SearchRow.swift; sourceTree = "<group>"; };
		EA6F195328DBDAF9004A2AA8 /* BookDetailView.swift */ = {isa = PBXFileReference; lastKnownFileType = sourcecode.swift; path = BookDetailView.swift; sourceTree = "<group>"; };
		EA6F195528DBEB87004A2AA8 /* SpySearchUseCase.swift */ = {isa = PBXFileReference; lastKnownFileType = sourcecode.swift; path = SpySearchUseCase.swift; sourceTree = "<group>"; };
/* End PBXFileReference section */

/* Begin PBXFrameworksBuildPhase section */
		EA4823A628D87465007ED9B4 /* Frameworks */ = {
			isa = PBXFrameworksBuildPhase;
			buildActionMask = 2147483647;
			files = (
			);
			runOnlyForDeploymentPostprocessing = 0;
		};
		EA4823B628D87465007ED9B4 /* Frameworks */ = {
			isa = PBXFrameworksBuildPhase;
			buildActionMask = 2147483647;
			files = (
			);
			runOnlyForDeploymentPostprocessing = 0;
		};
		EA4823C028D87465007ED9B4 /* Frameworks */ = {
			isa = PBXFrameworksBuildPhase;
			buildActionMask = 2147483647;
			files = (
			);
			runOnlyForDeploymentPostprocessing = 0;
		};
/* End PBXFrameworksBuildPhase section */

/* Begin PBXGroup section */
		EA0FB1D228E6CDA700245640 /* json */ = {
			isa = PBXGroup;
			children = (
				EA3EAFF328E6A3B6008D548D /* BookListData.json */,
				EA0FB1D528E6CE7200245640 /* BookListDataSecond.json */,
				EA3EAFFA28E6CA01008D548D /* BookListInvalidData.json */,
			);
			path = json;
			sourceTree = "<group>";
		};
		EA0FB1D728E6DAD000245640 /* CoreData */ = {
			isa = PBXGroup;
			children = (
				EA0FB1DD28E6E85900245640 /* Entity */,
				EA0FB1DC28E6E84B00245640 /* Error */,
				EA3EAFC728E48F3E008D548D /* CoreDataManager.swift */,
			);
			path = CoreData;
			sourceTree = "<group>";
		};
		EA0FB1D828E6E69900245640 /* Search */ = {
			isa = PBXGroup;
			children = (
				EA4823F628D8906D007ED9B4 /* View */,
				EA4823F728D89075007ED9B4 /* ViewModel */,
			);
			path = Search;
			sourceTree = "<group>";
		};
		EA0FB1D928E6E6A900245640 /* Detail */ = {
			isa = PBXGroup;
			children = (
				EA0FB1DA28E6E6E200245640 /* View */,
				EA0FB1DB28E6E6FF00245640 /* ViewModel */,
			);
			path = Detail;
			sourceTree = "<group>";
		};
		EA0FB1DA28E6E6E200245640 /* View */ = {
			isa = PBXGroup;
			children = (
				EA6F195328DBDAF9004A2AA8 /* BookDetailView.swift */,
				EA0FB1E028E7336200245640 /* WebView.swift */,
			);
			path = View;
			sourceTree = "<group>";
		};
		EA0FB1DB28E6E6FF00245640 /* ViewModel */ = {
			isa = PBXGroup;
			children = (
				EA0FB1E228E7EC6200245640 /* BookDetailViewModel.swift */,
			);
			path = ViewModel;
			sourceTree = "<group>";
		};
		EA0FB1DC28E6E84B00245640 /* Error */ = {
			isa = PBXGroup;
			children = (
				EA3EAFED28E5C929008D548D /* CoreDataError.swift */,
			);
			path = Error;
			sourceTree = "<group>";
		};
		EA0FB1DD28E6E85900245640 /* Entity */ = {
			isa = PBXGroup;
			children = (
				EA3EAFC228E46984008D548D /* BookContainer.xcdatamodeld */,
				EA3EAFC928E56D77008D548D /* BookEntity+extension.swift */,
			);
			path = Entity;
			sourceTree = "<group>";
		};
		EA4823A028D87465007ED9B4 = {
			isa = PBXGroup;
			children = (
				EA4823B028D87465007ED9B4 /* Assets.xcassets */,
				EA4823AB28D87465007ED9B4 /* BookStore */,
				EA4823BC28D87465007ED9B4 /* BookStoreTests */,
				EA4823AA28D87465007ED9B4 /* Products */,
			);
			sourceTree = "<group>";
		};
		EA4823AA28D87465007ED9B4 /* Products */ = {
			isa = PBXGroup;
			children = (
				EA4823A928D87465007ED9B4 /* BookStore.app */,
				EA4823B928D87465007ED9B4 /* BookStoreTests.xctest */,
				EA4823C328D87465007ED9B4 /* BookStoreUITests.xctest */,
			);
			name = Products;
			sourceTree = "<group>";
		};
		EA4823AB28D87465007ED9B4 /* BookStore */ = {
			isa = PBXGroup;
			children = (
				EA4823F328D88FAB007ED9B4 /* Presentation */,
				EA4823EF28D87B62007ED9B4 /* Domain */,
				EA4823EC28D87B29007ED9B4 /* Repository */,
				EA0FB1D728E6DAD000245640 /* CoreData */,
				EA4823D628D87516007ED9B4 /* Network */,
				EA4823B228D87465007ED9B4 /* Preview Content */,
			);
			path = BookStore;
			sourceTree = "<group>";
		};
		EA4823B228D87465007ED9B4 /* Preview Content */ = {
			isa = PBXGroup;
			children = (
				EA4823B328D87465007ED9B4 /* Preview Assets.xcassets */,
			);
			path = "Preview Content";
			sourceTree = "<group>";
		};
		EA4823BC28D87465007ED9B4 /* BookStoreTests */ = {
			isa = PBXGroup;
			children = (
				EAA6A38128DC9C3500AF657F /* SearchView */,
				EAA6A38028DC9C1B00AF657F /* TestDouble */,
			);
			path = BookStoreTests;
			sourceTree = "<group>";
		};
		EA4823D628D87516007ED9B4 /* Network */ = {
			isa = PBXGroup;
			children = (
				EA4823E728D87757007ED9B4 /* DTO */,
				EA4823E428D876D3007ED9B4 /* Request */,
				EA4823E328D875F9007ED9B4 /* Error */,
				EA4823DE28D875C2007ED9B4 /* Support */,
				EA4823D728D87524007ED9B4 /* Interface */,
				EA4823D828D87536007ED9B4 /* URLSessionManager.swift */,
			);
			path = Network;
			sourceTree = "<group>";
		};
		EA4823D728D87524007ED9B4 /* Interface */ = {
			isa = PBXGroup;
			children = (
				EA4823DA28D87570007ED9B4 /* URLSessionProtocol.swift */,
				EA4823DC28D875B1007ED9B4 /* NetworkRequest.swift */,
			);
			path = Interface;
			sourceTree = "<group>";
		};
		EA4823DE28D875C2007ED9B4 /* Support */ = {
			isa = PBXGroup;
			children = (
				EA4823DF28D875CF007ED9B4 /* httpMethod.swift */,
				EA4823EA28D8779B007ED9B4 /* BookStoreURLHost.swift */,
			);
			path = Support;
			sourceTree = "<group>";
		};
		EA4823E328D875F9007ED9B4 /* Error */ = {
			isa = PBXGroup;
			children = (
				EA4823E128D875F0007ED9B4 /* URLSessionError.swift */,
			);
			path = Error;
			sourceTree = "<group>";
		};
		EA4823E428D876D3007ED9B4 /* Request */ = {
			isa = PBXGroup;
			children = (
				EA4823E528D876E3007ED9B4 /* SearchRequest.swift */,
				EA0FB1E628E82D3900245640 /* BookDetailRequest.swift */,
			);
			path = Request;
			sourceTree = "<group>";
		};
		EA4823E728D87757007ED9B4 /* DTO */ = {
			isa = PBXGroup;
			children = (
				EA4823E828D8776A007ED9B4 /* BookListDTO.swift */,
				EA0FB1E828E82D5600245640 /* BookDetailDTO.swift */,
			);
			name = DTO;
			path = "ㅇ썌";
			sourceTree = "<group>";
		};
		EA4823EC28D87B29007ED9B4 /* Repository */ = {
			isa = PBXGroup;
			children = (
				EA4823ED28D87B4E007ED9B4 /* SearchRepository.swift */,
				EA0FB1E428E82B9200245640 /* BookDetailRepository.swift */,
			);
			path = Repository;
			sourceTree = "<group>";
		};
		EA4823EF28D87B62007ED9B4 /* Domain */ = {
			isa = PBXGroup;
			children = (
				EA4823FC28D8924D007ED9B4 /* Model */,
				EA4823F228D87B72007ED9B4 /* Interface */,
				EA4823FA28D890CE007ED9B4 /* SearchUseCase.swift */,
			);
			path = Domain;
			sourceTree = "<group>";
		};
		EA4823F228D87B72007ED9B4 /* Interface */ = {
			isa = PBXGroup;
			children = (
				EA4823F028D87B70007ED9B4 /* SearchRepositoryType.swift */,
			);
			path = Interface;
			sourceTree = "<group>";
		};
		EA4823F328D88FAB007ED9B4 /* Presentation */ = {
			isa = PBXGroup;
			children = (
				EA4823AC28D87465007ED9B4 /* BookStoreApp.swift */,
				EA0FB1D828E6E69900245640 /* Search */,
				EA0FB1D928E6E6A900245640 /* Detail */,
			);
			path = Presentation;
			sourceTree = "<group>";
		};
		EA4823F628D8906D007ED9B4 /* View */ = {
			isa = PBXGroup;
			children = (
				EA4823F428D88FC5007ED9B4 /* SearchView.swift */,
				EA3EAF8528E433B0008D548D /* ScrollToTopButtonView.swift */,
				EA6F194F28DAA16E004A2AA8 /* SearchRow.swift */,
			);
			path = View;
			sourceTree = "<group>";
		};
		EA4823F728D89075007ED9B4 /* ViewModel */ = {
			isa = PBXGroup;
			children = (
				EA4823F828D89087007ED9B4 /* SearchViewModel.swift */,
			);
			path = ViewModel;
			sourceTree = "<group>";
		};
		EA4823FC28D8924D007ED9B4 /* Model */ = {
			isa = PBXGroup;
			children = (
				EA4823FD28D89281007ED9B4 /* BookList.swift */,
			);
			path = Model;
			sourceTree = "<group>";
		};
		EAA6A38028DC9C1B00AF657F /* TestDouble */ = {
			isa = PBXGroup;
			children = (
				EA0FB1D228E6CDA700245640 /* json */,
				EA6F195528DBEB87004A2AA8 /* SpySearchUseCase.swift */,
				EA3EAFEF28E69B12008D548D /* SpyURLSessionManager.swift */,
				EA3EAFF528E6A7F2008D548D /* SpyCoreDataManager.swift */,
				EA3EAFF828E6BF30008D548D /* TestCoreDataPersistentContainer.swift */,
			);
			path = TestDouble;
			sourceTree = "<group>";
		};
		EAA6A38128DC9C3500AF657F /* SearchView */ = {
			isa = PBXGroup;
			children = (
				EA4823BD28D87465007ED9B4 /* SearchViewModelTests.swift */,
				EA3EAFF128E6A255008D548D /* SearchRepositoryTests.swift */,
			);
			path = SearchView;
			sourceTree = "<group>";
		};
/* End PBXGroup section */

/* Begin PBXNativeTarget section */
		EA4823A828D87465007ED9B4 /* BookStore */ = {
			isa = PBXNativeTarget;
			buildConfigurationList = EA4823CD28D87465007ED9B4 /* Build configuration list for PBXNativeTarget "BookStore" */;
			buildPhases = (
				EA4823A528D87465007ED9B4 /* Sources */,
				EA4823A628D87465007ED9B4 /* Frameworks */,
				EA4823A728D87465007ED9B4 /* Resources */,
			);
			buildRules = (
			);
			dependencies = (
			);
			name = BookStore;
			productName = BookStore;
			productReference = EA4823A928D87465007ED9B4 /* BookStore.app */;
			productType = "com.apple.product-type.application";
		};
		EA4823B828D87465007ED9B4 /* BookStoreTests */ = {
			isa = PBXNativeTarget;
			buildConfigurationList = EA4823D028D87465007ED9B4 /* Build configuration list for PBXNativeTarget "BookStoreTests" */;
			buildPhases = (
				EA4823B528D87465007ED9B4 /* Sources */,
				EA4823B628D87465007ED9B4 /* Frameworks */,
				EA4823B728D87465007ED9B4 /* Resources */,
			);
			buildRules = (
			);
			dependencies = (
				EA4823BB28D87465007ED9B4 /* PBXTargetDependency */,
			);
			name = BookStoreTests;
			productName = BookStoreTests;
			productReference = EA4823B928D87465007ED9B4 /* BookStoreTests.xctest */;
			productType = "com.apple.product-type.bundle.unit-test";
		};
		EA4823C228D87465007ED9B4 /* BookStoreUITests */ = {
			isa = PBXNativeTarget;
			buildConfigurationList = EA4823D328D87465007ED9B4 /* Build configuration list for PBXNativeTarget "BookStoreUITests" */;
			buildPhases = (
				EA4823BF28D87465007ED9B4 /* Sources */,
				EA4823C028D87465007ED9B4 /* Frameworks */,
				EA4823C128D87465007ED9B4 /* Resources */,
			);
			buildRules = (
			);
			dependencies = (
				EA4823C528D87465007ED9B4 /* PBXTargetDependency */,
			);
			name = BookStoreUITests;
			productName = BookStoreUITests;
			productReference = EA4823C328D87465007ED9B4 /* BookStoreUITests.xctest */;
			productType = "com.apple.product-type.bundle.ui-testing";
		};
/* End PBXNativeTarget section */

/* Begin PBXProject section */
		EA4823A128D87465007ED9B4 /* Project object */ = {
			isa = PBXProject;
			attributes = {
				BuildIndependentTargetsInParallel = 1;
				LastSwiftUpdateCheck = 1330;
				LastUpgradeCheck = 1330;
				TargetAttributes = {
					EA4823A828D87465007ED9B4 = {
						CreatedOnToolsVersion = 13.3.1;
					};
					EA4823B828D87465007ED9B4 = {
						CreatedOnToolsVersion = 13.3.1;
						TestTargetID = EA4823A828D87465007ED9B4;
					};
					EA4823C228D87465007ED9B4 = {
						CreatedOnToolsVersion = 13.3.1;
						TestTargetID = EA4823A828D87465007ED9B4;
					};
				};
			};
			buildConfigurationList = EA4823A428D87465007ED9B4 /* Build configuration list for PBXProject "BookStore" */;
			compatibilityVersion = "Xcode 13.0";
			developmentRegion = en;
			hasScannedForEncodings = 0;
			knownRegions = (
				en,
				Base,
			);
			mainGroup = EA4823A028D87465007ED9B4;
			productRefGroup = EA4823AA28D87465007ED9B4 /* Products */;
			projectDirPath = "";
			projectRoot = "";
			targets = (
				EA4823A828D87465007ED9B4 /* BookStore */,
				EA4823B828D87465007ED9B4 /* BookStoreTests */,
				EA4823C228D87465007ED9B4 /* BookStoreUITests */,
			);
		};
/* End PBXProject section */

/* Begin PBXResourcesBuildPhase section */
		EA4823A728D87465007ED9B4 /* Resources */ = {
			isa = PBXResourcesBuildPhase;
			buildActionMask = 2147483647;
			files = (
				EA3EAFFC28E6CAF3008D548D /* BookListInvalidData.json in Resources */,
				EA4823B428D87465007ED9B4 /* Preview Assets.xcassets in Resources */,
				EA3EAFF728E6B24D008D548D /* BookListData.json in Resources */,
				EA4823B128D87465007ED9B4 /* Assets.xcassets in Resources */,
			);
			runOnlyForDeploymentPostprocessing = 0;
		};
		EA4823B728D87465007ED9B4 /* Resources */ = {
			isa = PBXResourcesBuildPhase;
			buildActionMask = 2147483647;
			files = (
				EA0FB1D628E6CE7200245640 /* BookListDataSecond.json in Resources */,
				EA3EAFFB28E6CA01008D548D /* BookListInvalidData.json in Resources */,
				EA3EAFF428E6A3B6008D548D /* BookListData.json in Resources */,
			);
			runOnlyForDeploymentPostprocessing = 0;
		};
		EA4823C128D87465007ED9B4 /* Resources */ = {
			isa = PBXResourcesBuildPhase;
			buildActionMask = 2147483647;
			files = (
			);
			runOnlyForDeploymentPostprocessing = 0;
		};
/* End PBXResourcesBuildPhase section */

/* Begin PBXSourcesBuildPhase section */
		EA4823A528D87465007ED9B4 /* Sources */ = {
			isa = PBXSourcesBuildPhase;
			buildActionMask = 2147483647;
			files = (
				EA4823FE28D89281007ED9B4 /* BookList.swift in Sources */,
				EA0FB1E128E7336200245640 /* WebView.swift in Sources */,
				EA3EAFEE28E5C929008D548D /* CoreDataError.swift in Sources */,
				EA3EAFCA28E56D77008D548D /* BookEntity+extension.swift in Sources */,
				EA4823E228D875F0007ED9B4 /* URLSessionError.swift in Sources */,
				EA4823E928D8776A007ED9B4 /* BookListDTO.swift in Sources */,
				EA4823EE28D87B4E007ED9B4 /* SearchRepository.swift in Sources */,
				EA6F195428DBDAF9004A2AA8 /* BookDetailView.swift in Sources */,
				EA6F195028DAA16E004A2AA8 /* SearchRow.swift in Sources */,
				EA4823E028D875CF007ED9B4 /* httpMethod.swift in Sources */,
				EA4823DB28D87570007ED9B4 /* URLSessionProtocol.swift in Sources */,
				EA4823FB28D890CE007ED9B4 /* SearchUseCase.swift in Sources */,
				EA4823D928D87536007ED9B4 /* URLSessionManager.swift in Sources */,
				EA4823EB28D8779B007ED9B4 /* BookStoreURLHost.swift in Sources */,
				EA0FB1E328E7EC6200245640 /* BookDetailViewModel.swift in Sources */,
				EA3EAFC828E48F3E008D548D /* CoreDataManager.swift in Sources */,
				EA4823F928D89087007ED9B4 /* SearchViewModel.swift in Sources */,
				EA4823F528D88FC5007ED9B4 /* SearchView.swift in Sources */,
				EA4823E628D876E3007ED9B4 /* SearchRequest.swift in Sources */,
				EA0FB1E728E82D3900245640 /* BookDetailRequest.swift in Sources */,
				EA0FB1E528E82B9200245640 /* BookDetailRepository.swift in Sources */,
				EA4823F128D87B70007ED9B4 /* SearchRepositoryType.swift in Sources */,
				EA3EAFC428E46984008D548D /* BookContainer.xcdatamodeld in Sources */,
				EA0FB1E928E82D5600245640 /* BookDetailDTO.swift in Sources */,
				EA3EAF8628E433B0008D548D /* ScrollToTopButtonView.swift in Sources */,
				EA4823AD28D87465007ED9B4 /* BookStoreApp.swift in Sources */,
				EA4823DD28D875B1007ED9B4 /* NetworkRequest.swift in Sources */,
			);
			runOnlyForDeploymentPostprocessing = 0;
		};
		EA4823B528D87465007ED9B4 /* Sources */ = {
			isa = PBXSourcesBuildPhase;
			buildActionMask = 2147483647;
			files = (
				EA6F195628DBEB87004A2AA8 /* SpySearchUseCase.swift in Sources */,
				EA3EAFF028E69B12008D548D /* SpyURLSessionManager.swift in Sources */,
				EA3EAFF228E6A255008D548D /* SearchRepositoryTests.swift in Sources */,
				EA3EAFF628E6A7F2008D548D /* SpyCoreDataManager.swift in Sources */,
				EA4823BE28D87465007ED9B4 /* SearchViewModelTests.swift in Sources */,
				EA3EAFF928E6BF30008D548D /* TestCoreDataPersistentContainer.swift in Sources */,
			);
			runOnlyForDeploymentPostprocessing = 0;
		};
		EA4823BF28D87465007ED9B4 /* Sources */ = {
			isa = PBXSourcesBuildPhase;
			buildActionMask = 2147483647;
			files = (
			);
			runOnlyForDeploymentPostprocessing = 0;
		};
/* End PBXSourcesBuildPhase section */

/* Begin PBXTargetDependency section */
		EA4823BB28D87465007ED9B4 /* PBXTargetDependency */ = {
			isa = PBXTargetDependency;
			target = EA4823A828D87465007ED9B4 /* BookStore */;
			targetProxy = EA4823BA28D87465007ED9B4 /* PBXContainerItemProxy */;
		};
		EA4823C528D87465007ED9B4 /* PBXTargetDependency */ = {
			isa = PBXTargetDependency;
			target = EA4823A828D87465007ED9B4 /* BookStore */;
			targetProxy = EA4823C428D87465007ED9B4 /* PBXContainerItemProxy */;
		};
/* End PBXTargetDependency section */

/* Begin XCBuildConfiguration section */
		EA4823CB28D87465007ED9B4 /* Debug */ = {
			isa = XCBuildConfiguration;
			buildSettings = {
				ALWAYS_SEARCH_USER_PATHS = NO;
				CLANG_ANALYZER_NONNULL = YES;
				CLANG_ANALYZER_NUMBER_OBJECT_CONVERSION = YES_AGGRESSIVE;
				CLANG_CXX_LANGUAGE_STANDARD = "gnu++17";
				CLANG_ENABLE_MODULES = YES;
				CLANG_ENABLE_OBJC_ARC = YES;
				CLANG_ENABLE_OBJC_WEAK = YES;
				CLANG_WARN_BLOCK_CAPTURE_AUTORELEASING = YES;
				CLANG_WARN_BOOL_CONVERSION = YES;
				CLANG_WARN_COMMA = YES;
				CLANG_WARN_CONSTANT_CONVERSION = YES;
				CLANG_WARN_DEPRECATED_OBJC_IMPLEMENTATIONS = YES;
				CLANG_WARN_DIRECT_OBJC_ISA_USAGE = YES_ERROR;
				CLANG_WARN_DOCUMENTATION_COMMENTS = YES;
				CLANG_WARN_EMPTY_BODY = YES;
				CLANG_WARN_ENUM_CONVERSION = YES;
				CLANG_WARN_INFINITE_RECURSION = YES;
				CLANG_WARN_INT_CONVERSION = YES;
				CLANG_WARN_NON_LITERAL_NULL_CONVERSION = YES;
				CLANG_WARN_OBJC_IMPLICIT_RETAIN_SELF = YES;
				CLANG_WARN_OBJC_LITERAL_CONVERSION = YES;
				CLANG_WARN_OBJC_ROOT_CLASS = YES_ERROR;
				CLANG_WARN_QUOTED_INCLUDE_IN_FRAMEWORK_HEADER = YES;
				CLANG_WARN_RANGE_LOOP_ANALYSIS = YES;
				CLANG_WARN_STRICT_PROTOTYPES = YES;
				CLANG_WARN_SUSPICIOUS_MOVE = YES;
				CLANG_WARN_UNGUARDED_AVAILABILITY = YES_AGGRESSIVE;
				CLANG_WARN_UNREACHABLE_CODE = YES;
				CLANG_WARN__DUPLICATE_METHOD_MATCH = YES;
				COPY_PHASE_STRIP = NO;
				DEBUG_INFORMATION_FORMAT = dwarf;
				ENABLE_STRICT_OBJC_MSGSEND = YES;
				ENABLE_TESTABILITY = YES;
				GCC_C_LANGUAGE_STANDARD = gnu11;
				GCC_DYNAMIC_NO_PIC = NO;
				GCC_NO_COMMON_BLOCKS = YES;
				GCC_OPTIMIZATION_LEVEL = 0;
				GCC_PREPROCESSOR_DEFINITIONS = (
					"DEBUG=1",
					"$(inherited)",
				);
				GCC_WARN_64_TO_32_BIT_CONVERSION = YES;
				GCC_WARN_ABOUT_RETURN_TYPE = YES_ERROR;
				GCC_WARN_UNDECLARED_SELECTOR = YES;
				GCC_WARN_UNINITIALIZED_AUTOS = YES_AGGRESSIVE;
				GCC_WARN_UNUSED_FUNCTION = YES;
				GCC_WARN_UNUSED_VARIABLE = YES;
				IPHONEOS_DEPLOYMENT_TARGET = 15.4;
				MTL_ENABLE_DEBUG_INFO = INCLUDE_SOURCE;
				MTL_FAST_MATH = YES;
				ONLY_ACTIVE_ARCH = YES;
				SDKROOT = iphoneos;
				SWIFT_ACTIVE_COMPILATION_CONDITIONS = DEBUG;
				SWIFT_OPTIMIZATION_LEVEL = "-Onone";
			};
			name = Debug;
		};
		EA4823CC28D87465007ED9B4 /* Release */ = {
			isa = XCBuildConfiguration;
			buildSettings = {
				ALWAYS_SEARCH_USER_PATHS = NO;
				CLANG_ANALYZER_NONNULL = YES;
				CLANG_ANALYZER_NUMBER_OBJECT_CONVERSION = YES_AGGRESSIVE;
				CLANG_CXX_LANGUAGE_STANDARD = "gnu++17";
				CLANG_ENABLE_MODULES = YES;
				CLANG_ENABLE_OBJC_ARC = YES;
				CLANG_ENABLE_OBJC_WEAK = YES;
				CLANG_WARN_BLOCK_CAPTURE_AUTORELEASING = YES;
				CLANG_WARN_BOOL_CONVERSION = YES;
				CLANG_WARN_COMMA = YES;
				CLANG_WARN_CONSTANT_CONVERSION = YES;
				CLANG_WARN_DEPRECATED_OBJC_IMPLEMENTATIONS = YES;
				CLANG_WARN_DIRECT_OBJC_ISA_USAGE = YES_ERROR;
				CLANG_WARN_DOCUMENTATION_COMMENTS = YES;
				CLANG_WARN_EMPTY_BODY = YES;
				CLANG_WARN_ENUM_CONVERSION = YES;
				CLANG_WARN_INFINITE_RECURSION = YES;
				CLANG_WARN_INT_CONVERSION = YES;
				CLANG_WARN_NON_LITERAL_NULL_CONVERSION = YES;
				CLANG_WARN_OBJC_IMPLICIT_RETAIN_SELF = YES;
				CLANG_WARN_OBJC_LITERAL_CONVERSION = YES;
				CLANG_WARN_OBJC_ROOT_CLASS = YES_ERROR;
				CLANG_WARN_QUOTED_INCLUDE_IN_FRAMEWORK_HEADER = YES;
				CLANG_WARN_RANGE_LOOP_ANALYSIS = YES;
				CLANG_WARN_STRICT_PROTOTYPES = YES;
				CLANG_WARN_SUSPICIOUS_MOVE = YES;
				CLANG_WARN_UNGUARDED_AVAILABILITY = YES_AGGRESSIVE;
				CLANG_WARN_UNREACHABLE_CODE = YES;
				CLANG_WARN__DUPLICATE_METHOD_MATCH = YES;
				COPY_PHASE_STRIP = NO;
				DEBUG_INFORMATION_FORMAT = "dwarf-with-dsym";
				ENABLE_NS_ASSERTIONS = NO;
				ENABLE_STRICT_OBJC_MSGSEND = YES;
				GCC_C_LANGUAGE_STANDARD = gnu11;
				GCC_NO_COMMON_BLOCKS = YES;
				GCC_WARN_64_TO_32_BIT_CONVERSION = YES;
				GCC_WARN_ABOUT_RETURN_TYPE = YES_ERROR;
				GCC_WARN_UNDECLARED_SELECTOR = YES;
				GCC_WARN_UNINITIALIZED_AUTOS = YES_AGGRESSIVE;
				GCC_WARN_UNUSED_FUNCTION = YES;
				GCC_WARN_UNUSED_VARIABLE = YES;
				IPHONEOS_DEPLOYMENT_TARGET = 15.4;
				MTL_ENABLE_DEBUG_INFO = NO;
				MTL_FAST_MATH = YES;
				SDKROOT = iphoneos;
				SWIFT_COMPILATION_MODE = wholemodule;
				SWIFT_OPTIMIZATION_LEVEL = "-O";
				VALIDATE_PRODUCT = YES;
			};
			name = Release;
		};
		EA4823CE28D87465007ED9B4 /* Debug */ = {
			isa = XCBuildConfiguration;
			buildSettings = {
				ASSETCATALOG_COMPILER_APPICON_NAME = AppIcon;
				ASSETCATALOG_COMPILER_GLOBAL_ACCENT_COLOR_NAME = AccentColor;
				ASSETCATALOG_COMPILER_INCLUDE_ALL_APPICON_ASSETS = YES;
				CODE_SIGN_STYLE = Automatic;
				CURRENT_PROJECT_VERSION = 1;
				DEVELOPMENT_ASSET_PATHS = "\"BookStore/Preview Content\"";
				DEVELOPMENT_TEAM = HK42Z7UX9X;
				ENABLE_PREVIEWS = YES;
				GENERATE_INFOPLIST_FILE = YES;
				INFOPLIST_KEY_UIApplicationSceneManifest_Generation = YES;
				INFOPLIST_KEY_UIApplicationSupportsIndirectInputEvents = YES;
				INFOPLIST_KEY_UILaunchScreen_Generation = YES;
				INFOPLIST_KEY_UISupportedInterfaceOrientations_iPad = "UIInterfaceOrientationPortrait UIInterfaceOrientationPortraitUpsideDown UIInterfaceOrientationLandscapeLeft UIInterfaceOrientationLandscapeRight";
				INFOPLIST_KEY_UISupportedInterfaceOrientations_iPhone = "UIInterfaceOrientationPortrait UIInterfaceOrientationLandscapeLeft UIInterfaceOrientationLandscapeRight";
				LD_RUNPATH_SEARCH_PATHS = (
					"$(inherited)",
					"@executable_path/Frameworks",
				);
				MARKETING_VERSION = 1.0;
				PRODUCT_BUNDLE_IDENTIFIER = com.jane.BookStore;
				PRODUCT_NAME = "$(TARGET_NAME)";
				SWIFT_EMIT_LOC_STRINGS = YES;
				SWIFT_VERSION = 5.0;
				TARGETED_DEVICE_FAMILY = 1;
			};
			name = Debug;
		};
		EA4823CF28D87465007ED9B4 /* Release */ = {
			isa = XCBuildConfiguration;
			buildSettings = {
				ASSETCATALOG_COMPILER_APPICON_NAME = AppIcon;
				ASSETCATALOG_COMPILER_GLOBAL_ACCENT_COLOR_NAME = AccentColor;
				ASSETCATALOG_COMPILER_INCLUDE_ALL_APPICON_ASSETS = YES;
				CODE_SIGN_STYLE = Automatic;
				CURRENT_PROJECT_VERSION = 1;
				DEVELOPMENT_ASSET_PATHS = "\"BookStore/Preview Content\"";
				DEVELOPMENT_TEAM = HK42Z7UX9X;
				ENABLE_PREVIEWS = YES;
				GENERATE_INFOPLIST_FILE = YES;
				INFOPLIST_KEY_UIApplicationSceneManifest_Generation = YES;
				INFOPLIST_KEY_UIApplicationSupportsIndirectInputEvents = YES;
				INFOPLIST_KEY_UILaunchScreen_Generation = YES;
				INFOPLIST_KEY_UISupportedInterfaceOrientations_iPad = "UIInterfaceOrientationPortrait UIInterfaceOrientationPortraitUpsideDown UIInterfaceOrientationLandscapeLeft UIInterfaceOrientationLandscapeRight";
				INFOPLIST_KEY_UISupportedInterfaceOrientations_iPhone = "UIInterfaceOrientationPortrait UIInterfaceOrientationLandscapeLeft UIInterfaceOrientationLandscapeRight";
				LD_RUNPATH_SEARCH_PATHS = (
					"$(inherited)",
					"@executable_path/Frameworks",
				);
				MARKETING_VERSION = 1.0;
				PRODUCT_BUNDLE_IDENTIFIER = com.jane.BookStore;
				PRODUCT_NAME = "$(TARGET_NAME)";
				SWIFT_EMIT_LOC_STRINGS = YES;
				SWIFT_VERSION = 5.0;
				TARGETED_DEVICE_FAMILY = 1;
			};
			name = Release;
		};
		EA4823D128D87465007ED9B4 /* Debug */ = {
			isa = XCBuildConfiguration;
			buildSettings = {
				ALWAYS_EMBED_SWIFT_STANDARD_LIBRARIES = YES;
				BUNDLE_LOADER = "$(TEST_HOST)";
				CODE_SIGN_STYLE = Automatic;
				CURRENT_PROJECT_VERSION = 1;
				DEVELOPMENT_TEAM = HK42Z7UX9X;
				GENERATE_INFOPLIST_FILE = YES;
				IPHONEOS_DEPLOYMENT_TARGET = 15.4;
				MARKETING_VERSION = 1.0;
				PRODUCT_BUNDLE_IDENTIFIER = com.jane.BookStoreTests;
				PRODUCT_NAME = "$(TARGET_NAME)";
				SWIFT_EMIT_LOC_STRINGS = NO;
				SWIFT_VERSION = 5.0;
				TARGETED_DEVICE_FAMILY = "1,2";
				TEST_HOST = "$(BUILT_PRODUCTS_DIR)/BookStore.app/BookStore";
			};
			name = Debug;
		};
		EA4823D228D87465007ED9B4 /* Release */ = {
			isa = XCBuildConfiguration;
			buildSettings = {
				ALWAYS_EMBED_SWIFT_STANDARD_LIBRARIES = YES;
				BUNDLE_LOADER = "$(TEST_HOST)";
				CODE_SIGN_STYLE = Automatic;
				CURRENT_PROJECT_VERSION = 1;
				DEVELOPMENT_TEAM = HK42Z7UX9X;
				GENERATE_INFOPLIST_FILE = YES;
				IPHONEOS_DEPLOYMENT_TARGET = 15.4;
				MARKETING_VERSION = 1.0;
				PRODUCT_BUNDLE_IDENTIFIER = com.jane.BookStoreTests;
				PRODUCT_NAME = "$(TARGET_NAME)";
				SWIFT_EMIT_LOC_STRINGS = NO;
				SWIFT_VERSION = 5.0;
				TARGETED_DEVICE_FAMILY = "1,2";
				TEST_HOST = "$(BUILT_PRODUCTS_DIR)/BookStore.app/BookStore";
			};
			name = Release;
		};
		EA4823D428D87465007ED9B4 /* Debug */ = {
			isa = XCBuildConfiguration;
			buildSettings = {
				ALWAYS_EMBED_SWIFT_STANDARD_LIBRARIES = YES;
				CODE_SIGN_STYLE = Automatic;
				CURRENT_PROJECT_VERSION = 1;
				DEVELOPMENT_TEAM = HK42Z7UX9X;
				GENERATE_INFOPLIST_FILE = YES;
				MARKETING_VERSION = 1.0;
				PRODUCT_BUNDLE_IDENTIFIER = com.jane.BookStoreUITests;
				PRODUCT_NAME = "$(TARGET_NAME)";
				SWIFT_EMIT_LOC_STRINGS = NO;
				SWIFT_VERSION = 5.0;
				TARGETED_DEVICE_FAMILY = "1,2";
				TEST_TARGET_NAME = BookStore;
			};
			name = Debug;
		};
		EA4823D528D87465007ED9B4 /* Release */ = {
			isa = XCBuildConfiguration;
			buildSettings = {
				ALWAYS_EMBED_SWIFT_STANDARD_LIBRARIES = YES;
				CODE_SIGN_STYLE = Automatic;
				CURRENT_PROJECT_VERSION = 1;
				DEVELOPMENT_TEAM = HK42Z7UX9X;
				GENERATE_INFOPLIST_FILE = YES;
				MARKETING_VERSION = 1.0;
				PRODUCT_BUNDLE_IDENTIFIER = com.jane.BookStoreUITests;
				PRODUCT_NAME = "$(TARGET_NAME)";
				SWIFT_EMIT_LOC_STRINGS = NO;
				SWIFT_VERSION = 5.0;
				TARGETED_DEVICE_FAMILY = "1,2";
				TEST_TARGET_NAME = BookStore;
			};
			name = Release;
		};
/* End XCBuildConfiguration section */

/* Begin XCConfigurationList section */
		EA4823A428D87465007ED9B4 /* Build configuration list for PBXProject "BookStore" */ = {
			isa = XCConfigurationList;
			buildConfigurations = (
				EA4823CB28D87465007ED9B4 /* Debug */,
				EA4823CC28D87465007ED9B4 /* Release */,
			);
			defaultConfigurationIsVisible = 0;
			defaultConfigurationName = Release;
		};
		EA4823CD28D87465007ED9B4 /* Build configuration list for PBXNativeTarget "BookStore" */ = {
			isa = XCConfigurationList;
			buildConfigurations = (
				EA4823CE28D87465007ED9B4 /* Debug */,
				EA4823CF28D87465007ED9B4 /* Release */,
			);
			defaultConfigurationIsVisible = 0;
			defaultConfigurationName = Release;
		};
		EA4823D028D87465007ED9B4 /* Build configuration list for PBXNativeTarget "BookStoreTests" */ = {
			isa = XCConfigurationList;
			buildConfigurations = (
				EA4823D128D87465007ED9B4 /* Debug */,
				EA4823D228D87465007ED9B4 /* Release */,
			);
			defaultConfigurationIsVisible = 0;
			defaultConfigurationName = Release;
		};
		EA4823D328D87465007ED9B4 /* Build configuration list for PBXNativeTarget "BookStoreUITests" */ = {
			isa = XCConfigurationList;
			buildConfigurations = (
				EA4823D428D87465007ED9B4 /* Debug */,
				EA4823D528D87465007ED9B4 /* Release */,
			);
			defaultConfigurationIsVisible = 0;
			defaultConfigurationName = Release;
		};
/* End XCConfigurationList section */

/* Begin XCVersionGroup section */
		EA3EAFC228E46984008D548D /* BookContainer.xcdatamodeld */ = {
			isa = XCVersionGroup;
			children = (
				EA3EAFC328E46984008D548D /* BookList.xcdatamodel */,
			);
			currentVersion = EA3EAFC328E46984008D548D /* BookList.xcdatamodel */;
			path = BookContainer.xcdatamodeld;
			sourceTree = "<group>";
			versionGroupType = wrapper.xcdatamodel;
		};
/* End XCVersionGroup section */
	};
	rootObject = EA4823A128D87465007ED9B4 /* Project object */;
}
