// !$*UTF8*$!
{
	archiveVersion = 1;
	classes = {
	};
	objectVersion = 55;
	objects = {

/* Begin PBXBuildFile section */
		EA4823AD28D87465007ED9B4 /* BookStoreApp.swift in Sources */ = {isa = PBXBuildFile; fileRef = EA4823AC28D87465007ED9B4 /* BookStoreApp.swift */; };
		EA4823AF28D87465007ED9B4 /* ContentView.swift in Sources */ = {isa = PBXBuildFile; fileRef = EA4823AE28D87465007ED9B4 /* ContentView.swift */; };
		EA4823B128D87465007ED9B4 /* Assets.xcassets in Resources */ = {isa = PBXBuildFile; fileRef = EA4823B028D87465007ED9B4 /* Assets.xcassets */; };
		EA4823B428D87465007ED9B4 /* Preview Assets.xcassets in Resources */ = {isa = PBXBuildFile; fileRef = EA4823B328D87465007ED9B4 /* Preview Assets.xcassets */; };
		EA4823BE28D87465007ED9B4 /* BookStoreTests.swift in Sources */ = {isa = PBXBuildFile; fileRef = EA4823BD28D87465007ED9B4 /* BookStoreTests.swift */; };
		EA4823C828D87465007ED9B4 /* BookStoreUITests.swift in Sources */ = {isa = PBXBuildFile; fileRef = EA4823C728D87465007ED9B4 /* BookStoreUITests.swift */; };
		EA4823CA28D87465007ED9B4 /* BookStoreUITestsLaunchTests.swift in Sources */ = {isa = PBXBuildFile; fileRef = EA4823C928D87465007ED9B4 /* BookStoreUITestsLaunchTests.swift */; };
		EA4823D928D87536007ED9B4 /* URLSessionManager.swift in Sources */ = {isa = PBXBuildFile; fileRef = EA4823D828D87536007ED9B4 /* URLSessionManager.swift */; };
		EA4823DB28D87570007ED9B4 /* URLSessionProtocol.swift in Sources */ = {isa = PBXBuildFile; fileRef = EA4823DA28D87570007ED9B4 /* URLSessionProtocol.swift */; };
		EA4823DD28D875B1007ED9B4 /* NetworkRequest.swift in Sources */ = {isa = PBXBuildFile; fileRef = EA4823DC28D875B1007ED9B4 /* NetworkRequest.swift */; };
		EA4823E028D875CF007ED9B4 /* httpMethod.swift in Sources */ = {isa = PBXBuildFile; fileRef = EA4823DF28D875CF007ED9B4 /* httpMethod.swift */; };
		EA4823E228D875F0007ED9B4 /* URLSessionError.swift in Sources */ = {isa = PBXBuildFile; fileRef = EA4823E128D875F0007ED9B4 /* URLSessionError.swift */; };
/* End PBXBuildFile section */

/* Begin PBXContainerItemProxy section */
		EA4823BA28D87465007ED9B4 /* PBXContainerItemProxy */ = {
			isa = PBXContainerItemProxy;
			containerPortal = EA4823A128D87465007ED9B4 /* Project object */;
			proxyType = 1;
			remoteGlobalIDString = EA4823A828D87465007ED9B4;
			remoteInfo = BookStore;
		};
		EA4823C428D87465007ED9B4 /* PBXContainerItemProxy */ = {
			isa = PBXContainerItemProxy;
			containerPortal = EA4823A128D87465007ED9B4 /* Project object */;
			proxyType = 1;
			remoteGlobalIDString = EA4823A828D87465007ED9B4;
			remoteInfo = BookStore;
		};
/* End PBXContainerItemProxy section */

/* Begin PBXFileReference section */
		EA4823A928D87465007ED9B4 /* BookStore.app */ = {isa = PBXFileReference; explicitFileType = wrapper.application; includeInIndex = 0; path = BookStore.app; sourceTree = BUILT_PRODUCTS_DIR; };
		EA4823AC28D87465007ED9B4 /* BookStoreApp.swift */ = {isa = PBXFileReference; lastKnownFileType = sourcecode.swift; path = BookStoreApp.swift; sourceTree = "<group>"; };
		EA4823AE28D87465007ED9B4 /* ContentView.swift */ = {isa = PBXFileReference; lastKnownFileType = sourcecode.swift; path = ContentView.swift; sourceTree = "<group>"; };
		EA4823B028D87465007ED9B4 /* Assets.xcassets */ = {isa = PBXFileReference; lastKnownFileType = folder.assetcatalog; path = Assets.xcassets; sourceTree = "<group>"; };
		EA4823B328D87465007ED9B4 /* Preview Assets.xcassets */ = {isa = PBXFileReference; lastKnownFileType = folder.assetcatalog; path = "Preview Assets.xcassets"; sourceTree = "<group>"; };
		EA4823B928D87465007ED9B4 /* BookStoreTests.xctest */ = {isa = PBXFileReference; explicitFileType = wrapper.cfbundle; includeInIndex = 0; path = BookStoreTests.xctest; sourceTree = BUILT_PRODUCTS_DIR; };
		EA4823BD28D87465007ED9B4 /* BookStoreTests.swift */ = {isa = PBXFileReference; lastKnownFileType = sourcecode.swift; path = BookStoreTests.swift; sourceTree = "<group>"; };
		EA4823C328D87465007ED9B4 /* BookStoreUITests.xctest */ = {isa = PBXFileReference; explicitFileType = wrapper.cfbundle; includeInIndex = 0; path = BookStoreUITests.xctest; sourceTree = BUILT_PRODUCTS_DIR; };
		EA4823C728D87465007ED9B4 /* BookStoreUITests.swift */ = {isa = PBXFileReference; lastKnownFileType = sourcecode.swift; path = BookStoreUITests.swift; sourceTree = "<group>"; };
		EA4823C928D87465007ED9B4 /* BookStoreUITestsLaunchTests.swift */ = {isa = PBXFileReference; lastKnownFileType = sourcecode.swift; path = BookStoreUITestsLaunchTests.swift; sourceTree = "<group>"; };
		EA4823D828D87536007ED9B4 /* URLSessionManager.swift */ = {isa = PBXFileReference; lastKnownFileType = sourcecode.swift; path = URLSessionManager.swift; sourceTree = "<group>"; };
		EA4823DA28D87570007ED9B4 /* URLSessionProtocol.swift */ = {isa = PBXFileReference; lastKnownFileType = sourcecode.swift; path = URLSessionProtocol.swift; sourceTree = "<group>"; };
		EA4823DC28D875B1007ED9B4 /* NetworkRequest.swift */ = {isa = PBXFileReference; lastKnownFileType = sourcecode.swift; path = NetworkRequest.swift; sourceTree = "<group>"; };
		EA4823DF28D875CF007ED9B4 /* httpMethod.swift */ = {isa = PBXFileReference; lastKnownFileType = sourcecode.swift; path = httpMethod.swift; sourceTree = "<group>"; };
		EA4823E128D875F0007ED9B4 /* URLSessionError.swift */ = {isa = PBXFileReference; lastKnownFileType = sourcecode.swift; path = URLSessionError.swift; sourceTree = "<group>"; };
/* End PBXFileReference section */

/* Begin PBXFrameworksBuildPhase section */
		EA4823A628D87465007ED9B4 /* Frameworks */ = {
			isa = PBXFrameworksBuildPhase;
			buildActionMask = 2147483647;
			files = (
			);
			runOnlyForDeploymentPostprocessing = 0;
		};
		EA4823B628D87465007ED9B4 /* Frameworks */ = {
			isa = PBXFrameworksBuildPhase;
			buildActionMask = 2147483647;
			files = (
			);
			runOnlyForDeploymentPostprocessing = 0;
		};
		EA4823C028D87465007ED9B4 /* Frameworks */ = {
			isa = PBXFrameworksBuildPhase;
			buildActionMask = 2147483647;
			files = (
			);
			runOnlyForDeploymentPostprocessing = 0;
		};
/* End PBXFrameworksBuildPhase section */

/* Begin PBXGroup section */
		EA4823A028D87465007ED9B4 = {
			isa = PBXGroup;
			children = (
				EA4823AB28D87465007ED9B4 /* BookStore */,
				EA4823BC28D87465007ED9B4 /* BookStoreTests */,
				EA4823C628D87465007ED9B4 /* BookStoreUITests */,
				EA4823AA28D87465007ED9B4 /* Products */,
			);
			sourceTree = "<group>";
		};
		EA4823AA28D87465007ED9B4 /* Products */ = {
			isa = PBXGroup;
			children = (
				EA4823A928D87465007ED9B4 /* BookStore.app */,
				EA4823B928D87465007ED9B4 /* BookStoreTests.xctest */,
				EA4823C328D87465007ED9B4 /* BookStoreUITests.xctest */,
			);
			name = Products;
			sourceTree = "<group>";
		};
		EA4823AB28D87465007ED9B4 /* BookStore */ = {
			isa = PBXGroup;
			children = (
				EA4823D628D87516007ED9B4 /* Network */,
				EA4823AC28D87465007ED9B4 /* BookStoreApp.swift */,
				EA4823AE28D87465007ED9B4 /* ContentView.swift */,
				EA4823B028D87465007ED9B4 /* Assets.xcassets */,
				EA4823B228D87465007ED9B4 /* Preview Content */,
			);
			path = BookStore;
			sourceTree = "<group>";
		};
		EA4823B228D87465007ED9B4 /* Preview Content */ = {
			isa = PBXGroup;
			children = (
				EA4823B328D87465007ED9B4 /* Preview Assets.xcassets */,
			);
			path = "Preview Content";
			sourceTree = "<group>";
		};
		EA4823BC28D87465007ED9B4 /* BookStoreTests */ = {
			isa = PBXGroup;
			children = (
				EA4823BD28D87465007ED9B4 /* BookStoreTests.swift */,
			);
			path = BookStoreTests;
			sourceTree = "<group>";
		};
		EA4823C628D87465007ED9B4 /* BookStoreUITests */ = {
			isa = PBXGroup;
			children = (
				EA4823C728D87465007ED9B4 /* BookStoreUITests.swift */,
				EA4823C928D87465007ED9B4 /* BookStoreUITestsLaunchTests.swift */,
			);
			path = BookStoreUITests;
			sourceTree = "<group>";
		};
		EA4823D628D87516007ED9B4 /* Network */ = {
			isa = PBXGroup;
			children = (
				EA4823E328D875F9007ED9B4 /* Error */,
				EA4823DE28D875C2007ED9B4 /* Support */,
				EA4823D828D87536007ED9B4 /* URLSessionManager.swift */,
				EA4823D728D87524007ED9B4 /* Interface */,
			);
			path = Network;
			sourceTree = "<group>";
		};
		EA4823D728D87524007ED9B4 /* Interface */ = {
			isa = PBXGroup;
			children = (
				EA4823DA28D87570007ED9B4 /* URLSessionProtocol.swift */,
				EA4823DC28D875B1007ED9B4 /* NetworkRequest.swift */,
			);
			path = Interface;
			sourceTree = "<group>";
		};
		EA4823DE28D875C2007ED9B4 /* Support */ = {
			isa = PBXGroup;
			children = (
				EA4823DF28D875CF007ED9B4 /* httpMethod.swift */,
			);
			path = Support;
			sourceTree = "<group>";
		};
		EA4823E328D875F9007ED9B4 /* Error */ = {
			isa = PBXGroup;
			children = (
				EA4823E128D875F0007ED9B4 /* URLSessionError.swift */,
			);
			path = Error;
			sourceTree = "<group>";
		};
/* End PBXGroup section */

/* Begin PBXNativeTarget section */
		EA4823A828D87465007ED9B4 /* BookStore */ = {
			isa = PBXNativeTarget;
			buildConfigurationList = EA4823CD28D87465007ED9B4 /* Build configuration list for PBXNativeTarget "BookStore" */;
			buildPhases = (
				EA4823A528D87465007ED9B4 /* Sources */,
				EA4823A628D87465007ED9B4 /* Frameworks */,
				EA4823A728D87465007ED9B4 /* Resources */,
			);
			buildRules = (
			);
			dependencies = (
			);
			name = BookStore;
			productName = BookStore;
			productReference = EA4823A928D87465007ED9B4 /* BookStore.app */;
			productType = "com.apple.product-type.application";
		};
		EA4823B828D87465007ED9B4 /* BookStoreTests */ = {
			isa = PBXNativeTarget;
			buildConfigurationList = EA4823D028D87465007ED9B4 /* Build configuration list for PBXNativeTarget "BookStoreTests" */;
			buildPhases = (
				EA4823B528D87465007ED9B4 /* Sources */,
				EA4823B628D87465007ED9B4 /* Frameworks */,
				EA4823B728D87465007ED9B4 /* Resources */,
			);
			buildRules = (
			);
			dependencies = (
				EA4823BB28D87465007ED9B4 /* PBXTargetDependency */,
			);
			name = BookStoreTests;
			productName = BookStoreTests;
			productReference = EA4823B928D87465007ED9B4 /* BookStoreTests.xctest */;
			productType = "com.apple.product-type.bundle.unit-test";
		};
		EA4823C228D87465007ED9B4 /* BookStoreUITests */ = {
			isa = PBXNativeTarget;
			buildConfigurationList = EA4823D328D87465007ED9B4 /* Build configuration list for PBXNativeTarget "BookStoreUITests" */;
			buildPhases = (
				EA4823BF28D87465007ED9B4 /* Sources */,
				EA4823C028D87465007ED9B4 /* Frameworks */,
				EA4823C128D87465007ED9B4 /* Resources */,
			);
			buildRules = (
			);
			dependencies = (
				EA4823C528D87465007ED9B4 /* PBXTargetDependency */,
			);
			name = BookStoreUITests;
			productName = BookStoreUITests;
			productReference = EA4823C328D87465007ED9B4 /* BookStoreUITests.xctest */;
			productType = "com.apple.product-type.bundle.ui-testing";
		};
/* End PBXNativeTarget section */

/* Begin PBXProject section */
		EA4823A128D87465007ED9B4 /* Project object */ = {
			isa = PBXProject;
			attributes = {
				BuildIndependentTargetsInParallel = 1;
				LastSwiftUpdateCheck = 1330;
				LastUpgradeCheck = 1330;
				TargetAttributes = {
					EA4823A828D87465007ED9B4 = {
						CreatedOnToolsVersion = 13.3.1;
					};
					EA4823B828D87465007ED9B4 = {
						CreatedOnToolsVersion = 13.3.1;
						TestTargetID = EA4823A828D87465007ED9B4;
					};
					EA4823C228D87465007ED9B4 = {
						CreatedOnToolsVersion = 13.3.1;
						TestTargetID = EA4823A828D87465007ED9B4;
					};
				};
			};
			buildConfigurationList = EA4823A428D87465007ED9B4 /* Build configuration list for PBXProject "BookStore" */;
			compatibilityVersion = "Xcode 13.0";
			developmentRegion = en;
			hasScannedForEncodings = 0;
			knownRegions = (
				en,
				Base,
			);
			mainGroup = EA4823A028D87465007ED9B4;
			productRefGroup = EA4823AA28D87465007ED9B4 /* Products */;
			projectDirPath = "";
			projectRoot = "";
			targets = (
				EA4823A828D87465007ED9B4 /* BookStore */,
				EA4823B828D87465007ED9B4 /* BookStoreTests */,
				EA4823C228D87465007ED9B4 /* BookStoreUITests */,
			);
		};
/* End PBXProject section */

/* Begin PBXResourcesBuildPhase section */
		EA4823A728D87465007ED9B4 /* Resources */ = {
			isa = PBXResourcesBuildPhase;
			buildActionMask = 2147483647;
			files = (
				EA4823B428D87465007ED9B4 /* Preview Assets.xcassets in Resources */,
				EA4823B128D87465007ED9B4 /* Assets.xcassets in Resources */,
			);
			runOnlyForDeploymentPostprocessing = 0;
		};
		EA4823B728D87465007ED9B4 /* Resources */ = {
			isa = PBXResourcesBuildPhase;
			buildActionMask = 2147483647;
			files = (
			);
			runOnlyForDeploymentPostprocessing = 0;
		};
		EA4823C128D87465007ED9B4 /* Resources */ = {
			isa = PBXResourcesBuildPhase;
			buildActionMask = 2147483647;
			files = (
			);
			runOnlyForDeploymentPostprocessing = 0;
		};
/* End PBXResourcesBuildPhase section */

/* Begin PBXSourcesBuildPhase section */
		EA4823A528D87465007ED9B4 /* Sources */ = {
			isa = PBXSourcesBuildPhase;
			buildActionMask = 2147483647;
			files = (
				EA4823E228D875F0007ED9B4 /* URLSessionError.swift in Sources */,
				EA4823E028D875CF007ED9B4 /* httpMethod.swift in Sources */,
				EA4823DB28D87570007ED9B4 /* URLSessionProtocol.swift in Sources */,
				EA4823D928D87536007ED9B4 /* URLSessionManager.swift in Sources */,
				EA4823AF28D87465007ED9B4 /* ContentView.swift in Sources */,
				EA4823AD28D87465007ED9B4 /* BookStoreApp.swift in Sources */,
				EA4823DD28D875B1007ED9B4 /* NetworkRequest.swift in Sources */,
			);
			runOnlyForDeploymentPostprocessing = 0;
		};
		EA4823B528D87465007ED9B4 /* Sources */ = {
			isa = PBXSourcesBuildPhase;
			buildActionMask = 2147483647;
			files = (
				EA4823BE28D87465007ED9B4 /* BookStoreTests.swift in Sources */,
			);
			runOnlyForDeploymentPostprocessing = 0;
		};
		EA4823BF28D87465007ED9B4 /* Sources */ = {
			isa = PBXSourcesBuildPhase;
			buildActionMask = 2147483647;
			files = (
				EA4823C828D87465007ED9B4 /* BookStoreUITests.swift in Sources */,
				EA4823CA28D87465007ED9B4 /* BookStoreUITestsLaunchTests.swift in Sources */,
			);
			runOnlyForDeploymentPostprocessing = 0;
		};
/* End PBXSourcesBuildPhase section */

/* Begin PBXTargetDependency section */
		EA4823BB28D87465007ED9B4 /* PBXTargetDependency */ = {
			isa = PBXTargetDependency;
			target = EA4823A828D87465007ED9B4 /* BookStore */;
			targetProxy = EA4823BA28D87465007ED9B4 /* PBXContainerItemProxy */;
		};
		EA4823C528D87465007ED9B4 /* PBXTargetDependency */ = {
			isa = PBXTargetDependency;
			target = EA4823A828D87465007ED9B4 /* BookStore */;
			targetProxy = EA4823C428D87465007ED9B4 /* PBXContainerItemProxy */;
		};
/* End PBXTargetDependency section */

/* Begin XCBuildConfiguration section */
		EA4823CB28D87465007ED9B4 /* Debug */ = {
			isa = XCBuildConfiguration;
			buildSettings = {
				ALWAYS_SEARCH_USER_PATHS = NO;
				CLANG_ANALYZER_NONNULL = YES;
				CLANG_ANALYZER_NUMBER_OBJECT_CONVERSION = YES_AGGRESSIVE;
				CLANG_CXX_LANGUAGE_STANDARD = "gnu++17";
				CLANG_ENABLE_MODULES = YES;
				CLANG_ENABLE_OBJC_ARC = YES;
				CLANG_ENABLE_OBJC_WEAK = YES;
				CLANG_WARN_BLOCK_CAPTURE_AUTORELEASING = YES;
				CLANG_WARN_BOOL_CONVERSION = YES;
				CLANG_WARN_COMMA = YES;
				CLANG_WARN_CONSTANT_CONVERSION = YES;
				CLANG_WARN_DEPRECATED_OBJC_IMPLEMENTATIONS = YES;
				CLANG_WARN_DIRECT_OBJC_ISA_USAGE = YES_ERROR;
				CLANG_WARN_DOCUMENTATION_COMMENTS = YES;
				CLANG_WARN_EMPTY_BODY = YES;
				CLANG_WARN_ENUM_CONVERSION = YES;
				CLANG_WARN_INFINITE_RECURSION = YES;
				CLANG_WARN_INT_CONVERSION = YES;
				CLANG_WARN_NON_LITERAL_NULL_CONVERSION = YES;
				CLANG_WARN_OBJC_IMPLICIT_RETAIN_SELF = YES;
				CLANG_WARN_OBJC_LITERAL_CONVERSION = YES;
				CLANG_WARN_OBJC_ROOT_CLASS = YES_ERROR;
				CLANG_WARN_QUOTED_INCLUDE_IN_FRAMEWORK_HEADER = YES;
				CLANG_WARN_RANGE_LOOP_ANALYSIS = YES;
				CLANG_WARN_STRICT_PROTOTYPES = YES;
				CLANG_WARN_SUSPICIOUS_MOVE = YES;
				CLANG_WARN_UNGUARDED_AVAILABILITY = YES_AGGRESSIVE;
				CLANG_WARN_UNREACHABLE_CODE = YES;
				CLANG_WARN__DUPLICATE_METHOD_MATCH = YES;
				COPY_PHASE_STRIP = NO;
				DEBUG_INFORMATION_FORMAT = dwarf;
				ENABLE_STRICT_OBJC_MSGSEND = YES;
				ENABLE_TESTABILITY = YES;
				GCC_C_LANGUAGE_STANDARD = gnu11;
				GCC_DYNAMIC_NO_PIC = NO;
				GCC_NO_COMMON_BLOCKS = YES;
				GCC_OPTIMIZATION_LEVEL = 0;
				GCC_PREPROCESSOR_DEFINITIONS = (
					"DEBUG=1",
					"$(inherited)",
				);
				GCC_WARN_64_TO_32_BIT_CONVERSION = YES;
				GCC_WARN_ABOUT_RETURN_TYPE = YES_ERROR;
				GCC_WARN_UNDECLARED_SELECTOR = YES;
				GCC_WARN_UNINITIALIZED_AUTOS = YES_AGGRESSIVE;
				GCC_WARN_UNUSED_FUNCTION = YES;
				GCC_WARN_UNUSED_VARIABLE = YES;
				IPHONEOS_DEPLOYMENT_TARGET = 15.4;
				MTL_ENABLE_DEBUG_INFO = INCLUDE_SOURCE;
				MTL_FAST_MATH = YES;
				ONLY_ACTIVE_ARCH = YES;
				SDKROOT = iphoneos;
				SWIFT_ACTIVE_COMPILATION_CONDITIONS = DEBUG;
				SWIFT_OPTIMIZATION_LEVEL = "-Onone";
			};
			name = Debug;
		};
		EA4823CC28D87465007ED9B4 /* Release */ = {
			isa = XCBuildConfiguration;
			buildSettings = {
				ALWAYS_SEARCH_USER_PATHS = NO;
				CLANG_ANALYZER_NONNULL = YES;
				CLANG_ANALYZER_NUMBER_OBJECT_CONVERSION = YES_AGGRESSIVE;
				CLANG_CXX_LANGUAGE_STANDARD = "gnu++17";
				CLANG_ENABLE_MODULES = YES;
				CLANG_ENABLE_OBJC_ARC = YES;
				CLANG_ENABLE_OBJC_WEAK = YES;
				CLANG_WARN_BLOCK_CAPTURE_AUTORELEASING = YES;
				CLANG_WARN_BOOL_CONVERSION = YES;
				CLANG_WARN_COMMA = YES;
				CLANG_WARN_CONSTANT_CONVERSION = YES;
				CLANG_WARN_DEPRECATED_OBJC_IMPLEMENTATIONS = YES;
				CLANG_WARN_DIRECT_OBJC_ISA_USAGE = YES_ERROR;
				CLANG_WARN_DOCUMENTATION_COMMENTS = YES;
				CLANG_WARN_EMPTY_BODY = YES;
				CLANG_WARN_ENUM_CONVERSION = YES;
				CLANG_WARN_INFINITE_RECURSION = YES;
				CLANG_WARN_INT_CONVERSION = YES;
				CLANG_WARN_NON_LITERAL_NULL_CONVERSION = YES;
				CLANG_WARN_OBJC_IMPLICIT_RETAIN_SELF = YES;
				CLANG_WARN_OBJC_LITERAL_CONVERSION = YES;
				CLANG_WARN_OBJC_ROOT_CLASS = YES_ERROR;
				CLANG_WARN_QUOTED_INCLUDE_IN_FRAMEWORK_HEADER = YES;
				CLANG_WARN_RANGE_LOOP_ANALYSIS = YES;
				CLANG_WARN_STRICT_PROTOTYPES = YES;
				CLANG_WARN_SUSPICIOUS_MOVE = YES;
				CLANG_WARN_UNGUARDED_AVAILABILITY = YES_AGGRESSIVE;
				CLANG_WARN_UNREACHABLE_CODE = YES;
				CLANG_WARN__DUPLICATE_METHOD_MATCH = YES;
				COPY_PHASE_STRIP = NO;
				DEBUG_INFORMATION_FORMAT = "dwarf-with-dsym";
				ENABLE_NS_ASSERTIONS = NO;
				ENABLE_STRICT_OBJC_MSGSEND = YES;
				GCC_C_LANGUAGE_STANDARD = gnu11;
				GCC_NO_COMMON_BLOCKS = YES;
				GCC_WARN_64_TO_32_BIT_CONVERSION = YES;
				GCC_WARN_ABOUT_RETURN_TYPE = YES_ERROR;
				GCC_WARN_UNDECLARED_SELECTOR = YES;
				GCC_WARN_UNINITIALIZED_AUTOS = YES_AGGRESSIVE;
				GCC_WARN_UNUSED_FUNCTION = YES;
				GCC_WARN_UNUSED_VARIABLE = YES;
				IPHONEOS_DEPLOYMENT_TARGET = 15.4;
				MTL_ENABLE_DEBUG_INFO = NO;
				MTL_FAST_MATH = YES;
				SDKROOT = iphoneos;
				SWIFT_COMPILATION_MODE = wholemodule;
				SWIFT_OPTIMIZATION_LEVEL = "-O";
				VALIDATE_PRODUCT = YES;
			};
			name = Release;
		};
		EA4823CE28D87465007ED9B4 /* Debug */ = {
			isa = XCBuildConfiguration;
			buildSettings = {
				ASSETCATALOG_COMPILER_APPICON_NAME = AppIcon;
				ASSETCATALOG_COMPILER_GLOBAL_ACCENT_COLOR_NAME = AccentColor;
				CODE_SIGN_STYLE = Automatic;
				CURRENT_PROJECT_VERSION = 1;
				DEVELOPMENT_ASSET_PATHS = "\"BookStore/Preview Content\"";
				DEVELOPMENT_TEAM = HK42Z7UX9X;
				ENABLE_PREVIEWS = YES;
				GENERATE_INFOPLIST_FILE = YES;
				INFOPLIST_KEY_UIApplicationSceneManifest_Generation = YES;
				INFOPLIST_KEY_UIApplicationSupportsIndirectInputEvents = YES;
				INFOPLIST_KEY_UILaunchScreen_Generation = YES;
				INFOPLIST_KEY_UISupportedInterfaceOrientations_iPad = "UIInterfaceOrientationPortrait UIInterfaceOrientationPortraitUpsideDown UIInterfaceOrientationLandscapeLeft UIInterfaceOrientationLandscapeRight";
				INFOPLIST_KEY_UISupportedInterfaceOrientations_iPhone = "UIInterfaceOrientationPortrait UIInterfaceOrientationLandscapeLeft UIInterfaceOrientationLandscapeRight";
				LD_RUNPATH_SEARCH_PATHS = (
					"$(inherited)",
					"@executable_path/Frameworks",
				);
				MARKETING_VERSION = 1.0;
				PRODUCT_BUNDLE_IDENTIFIER = com.jane.BookStore;
				PRODUCT_NAME = "$(TARGET_NAME)";
				SWIFT_EMIT_LOC_STRINGS = YES;
				SWIFT_VERSION = 5.0;
				TARGETED_DEVICE_FAMILY = "1,2";
			};
			name = Debug;
		};
		EA4823CF28D87465007ED9B4 /* Release */ = {
			isa = XCBuildConfiguration;
			buildSettings = {
				ASSETCATALOG_COMPILER_APPICON_NAME = AppIcon;
				ASSETCATALOG_COMPILER_GLOBAL_ACCENT_COLOR_NAME = AccentColor;
				CODE_SIGN_STYLE = Automatic;
				CURRENT_PROJECT_VERSION = 1;
				DEVELOPMENT_ASSET_PATHS = "\"BookStore/Preview Content\"";
				DEVELOPMENT_TEAM = HK42Z7UX9X;
				ENABLE_PREVIEWS = YES;
				GENERATE_INFOPLIST_FILE = YES;
				INFOPLIST_KEY_UIApplicationSceneManifest_Generation = YES;
				INFOPLIST_KEY_UIApplicationSupportsIndirectInputEvents = YES;
				INFOPLIST_KEY_UILaunchScreen_Generation = YES;
				INFOPLIST_KEY_UISupportedInterfaceOrientations_iPad = "UIInterfaceOrientationPortrait UIInterfaceOrientationPortraitUpsideDown UIInterfaceOrientationLandscapeLeft UIInterfaceOrientationLandscapeRight";
				INFOPLIST_KEY_UISupportedInterfaceOrientations_iPhone = "UIInterfaceOrientationPortrait UIInterfaceOrientationLandscapeLeft UIInterfaceOrientationLandscapeRight";
				LD_RUNPATH_SEARCH_PATHS = (
					"$(inherited)",
					"@executable_path/Frameworks",
				);
				MARKETING_VERSION = 1.0;
				PRODUCT_BUNDLE_IDENTIFIER = com.jane.BookStore;
				PRODUCT_NAME = "$(TARGET_NAME)";
				SWIFT_EMIT_LOC_STRINGS = YES;
				SWIFT_VERSION = 5.0;
				TARGETED_DEVICE_FAMILY = "1,2";
			};
			name = Release;
		};
		EA4823D128D87465007ED9B4 /* Debug */ = {
			isa = XCBuildConfiguration;
			buildSettings = {
				ALWAYS_EMBED_SWIFT_STANDARD_LIBRARIES = YES;
				BUNDLE_LOADER = "$(TEST_HOST)";
				CODE_SIGN_STYLE = Automatic;
				CURRENT_PROJECT_VERSION = 1;
				DEVELOPMENT_TEAM = HK42Z7UX9X;
				GENERATE_INFOPLIST_FILE = YES;
				IPHONEOS_DEPLOYMENT_TARGET = 15.4;
				MARKETING_VERSION = 1.0;
				PRODUCT_BUNDLE_IDENTIFIER = com.jane.BookStoreTests;
				PRODUCT_NAME = "$(TARGET_NAME)";
				SWIFT_EMIT_LOC_STRINGS = NO;
				SWIFT_VERSION = 5.0;
				TARGETED_DEVICE_FAMILY = "1,2";
				TEST_HOST = "$(BUILT_PRODUCTS_DIR)/BookStore.app/BookStore";
			};
			name = Debug;
		};
		EA4823D228D87465007ED9B4 /* Release */ = {
			isa = XCBuildConfiguration;
			buildSettings = {
				ALWAYS_EMBED_SWIFT_STANDARD_LIBRARIES = YES;
				BUNDLE_LOADER = "$(TEST_HOST)";
				CODE_SIGN_STYLE = Automatic;
				CURRENT_PROJECT_VERSION = 1;
				DEVELOPMENT_TEAM = HK42Z7UX9X;
				GENERATE_INFOPLIST_FILE = YES;
				IPHONEOS_DEPLOYMENT_TARGET = 15.4;
				MARKETING_VERSION = 1.0;
				PRODUCT_BUNDLE_IDENTIFIER = com.jane.BookStoreTests;
				PRODUCT_NAME = "$(TARGET_NAME)";
				SWIFT_EMIT_LOC_STRINGS = NO;
				SWIFT_VERSION = 5.0;
				TARGETED_DEVICE_FAMILY = "1,2";
				TEST_HOST = "$(BUILT_PRODUCTS_DIR)/BookStore.app/BookStore";
			};
			name = Release;
		};
		EA4823D428D87465007ED9B4 /* Debug */ = {
			isa = XCBuildConfiguration;
			buildSettings = {
				ALWAYS_EMBED_SWIFT_STANDARD_LIBRARIES = YES;
				CODE_SIGN_STYLE = Automatic;
				CURRENT_PROJECT_VERSION = 1;
				DEVELOPMENT_TEAM = HK42Z7UX9X;
				GENERATE_INFOPLIST_FILE = YES;
				MARKETING_VERSION = 1.0;
				PRODUCT_BUNDLE_IDENTIFIER = com.jane.BookStoreUITests;
				PRODUCT_NAME = "$(TARGET_NAME)";
				SWIFT_EMIT_LOC_STRINGS = NO;
				SWIFT_VERSION = 5.0;
				TARGETED_DEVICE_FAMILY = "1,2";
				TEST_TARGET_NAME = BookStore;
			};
			name = Debug;
		};
		EA4823D528D87465007ED9B4 /* Release */ = {
			isa = XCBuildConfiguration;
			buildSettings = {
				ALWAYS_EMBED_SWIFT_STANDARD_LIBRARIES = YES;
				CODE_SIGN_STYLE = Automatic;
				CURRENT_PROJECT_VERSION = 1;
				DEVELOPMENT_TEAM = HK42Z7UX9X;
				GENERATE_INFOPLIST_FILE = YES;
				MARKETING_VERSION = 1.0;
				PRODUCT_BUNDLE_IDENTIFIER = com.jane.BookStoreUITests;
				PRODUCT_NAME = "$(TARGET_NAME)";
				SWIFT_EMIT_LOC_STRINGS = NO;
				SWIFT_VERSION = 5.0;
				TARGETED_DEVICE_FAMILY = "1,2";
				TEST_TARGET_NAME = BookStore;
			};
			name = Release;
		};
/* End XCBuildConfiguration section */

/* Begin XCConfigurationList section */
		EA4823A428D87465007ED9B4 /* Build configuration list for PBXProject "BookStore" */ = {
			isa = XCConfigurationList;
			buildConfigurations = (
				EA4823CB28D87465007ED9B4 /* Debug */,
				EA4823CC28D87465007ED9B4 /* Release */,
			);
			defaultConfigurationIsVisible = 0;
			defaultConfigurationName = Release;
		};
		EA4823CD28D87465007ED9B4 /* Build configuration list for PBXNativeTarget "BookStore" */ = {
			isa = XCConfigurationList;
			buildConfigurations = (
				EA4823CE28D87465007ED9B4 /* Debug */,
				EA4823CF28D87465007ED9B4 /* Release */,
			);
			defaultConfigurationIsVisible = 0;
			defaultConfigurationName = Release;
		};
		EA4823D028D87465007ED9B4 /* Build configuration list for PBXNativeTarget "BookStoreTests" */ = {
			isa = XCConfigurationList;
			buildConfigurations = (
				EA4823D128D87465007ED9B4 /* Debug */,
				EA4823D228D87465007ED9B4 /* Release */,
			);
			defaultConfigurationIsVisible = 0;
			defaultConfigurationName = Release;
		};
		EA4823D328D87465007ED9B4 /* Build configuration list for PBXNativeTarget "BookStoreUITests" */ = {
			isa = XCConfigurationList;
			buildConfigurations = (
				EA4823D428D87465007ED9B4 /* Debug */,
				EA4823D528D87465007ED9B4 /* Release */,
			);
			defaultConfigurationIsVisible = 0;
			defaultConfigurationName = Release;
		};
/* End XCConfigurationList section */
	};
	rootObject = EA4823A128D87465007ED9B4 /* Project object */;
}
